// !$*UTF8*$!
{
	archiveVersion = 1;
	classes = {
	};
	objectVersion = 46;
	objects = {

/* Begin PBXBuildFile section */
		23198E661C8615D300A0CB4A /* Security.framework in Frameworks */ = {isa = PBXBuildFile; fileRef = 23198E651C8615D300A0CB4A /* Security.framework */; };
		23198E681C8615DC00A0CB4A /* Foundation.framework in Frameworks */ = {isa = PBXBuildFile; fileRef = 23198E671C8615DC00A0CB4A /* Foundation.framework */; };
		23198E6A1C8615E800A0CB4A /* libicucore.A.tbd in Frameworks */ = {isa = PBXBuildFile; fileRef = 23198E691C8615E800A0CB4A /* libicucore.A.tbd */; };
		23198E6C1C8615EF00A0CB4A /* CFNetwork.framework in Frameworks */ = {isa = PBXBuildFile; fileRef = 23198E6B1C8615EF00A0CB4A /* CFNetwork.framework */; };
		23198E6D1C863F0E00A0CB4A /* ConfigurationDataManagerTest.m in Sources */ = {isa = PBXBuildFile; fileRef = 62348E0296B33F1DFAE1413D /* ConfigurationDataManagerTest.m */; };
		2335C7B71C7D0D2400BE6E80 /* main.m in Sources */ = {isa = PBXBuildFile; fileRef = 2335C7B61C7D0D2400BE6E80 /* main.m */; };
		2335C7BA1C7D0D2400BE6E80 /* AppDelegate.m in Sources */ = {isa = PBXBuildFile; fileRef = 2335C7B91C7D0D2400BE6E80 /* AppDelegate.m */; };
		2335C7BD1C7D0D2400BE6E80 /* RootViewController.m in Sources */ = {isa = PBXBuildFile; fileRef = 2335C7BC1C7D0D2400BE6E80 /* RootViewController.m */; };
		2335C7C01C7D0D2400BE6E80 /* DataViewController.m in Sources */ = {isa = PBXBuildFile; fileRef = 2335C7BF1C7D0D2400BE6E80 /* DataViewController.m */; };
		2335C7C31C7D0D2400BE6E80 /* ModelController.m in Sources */ = {isa = PBXBuildFile; fileRef = 2335C7C21C7D0D2400BE6E80 /* ModelController.m */; };
		2335C7C61C7D0D2400BE6E80 /* Main.storyboard in Resources */ = {isa = PBXBuildFile; fileRef = 2335C7C41C7D0D2400BE6E80 /* Main.storyboard */; };
		2335C7C81C7D0D2400BE6E80 /* Assets.xcassets in Resources */ = {isa = PBXBuildFile; fileRef = 2335C7C71C7D0D2400BE6E80 /* Assets.xcassets */; };
		2335C7CB1C7D0D2400BE6E80 /* LaunchScreen.storyboard in Resources */ = {isa = PBXBuildFile; fileRef = 2335C7C91C7D0D2400BE6E80 /* LaunchScreen.storyboard */; };
		2335C7D61C7D0D2400BE6E80 /* BigDataDemoTests.m in Sources */ = {isa = PBXBuildFile; fileRef = 2335C7D51C7D0D2400BE6E80 /* BigDataDemoTests.m */; };
		2335C7E11C7D0D2400BE6E80 /* BigDataDemoUITests.m in Sources */ = {isa = PBXBuildFile; fileRef = 2335C7E01C7D0D2400BE6E80 /* BigDataDemoUITests.m */; };
		2335C7EF1C7D29A300BE6E80 /* MapKit.framework in Frameworks */ = {isa = PBXBuildFile; fileRef = 2335C7EE1C7D29A300BE6E80 /* MapKit.framework */; };
		62348017B0F0B03098D0B0A9 /* PacketParser.m in Sources */ = {isa = PBXBuildFile; fileRef = 62348E284E733680422B9F11 /* PacketParser.m */; };
		623480C9A8CF30C58360C5D3 /* ConfigurationDataManager.m in Sources */ = {isa = PBXBuildFile; fileRef = 6234826BB73C8D032B357CD9 /* ConfigurationDataManager.m */; };
		62348386539623FE0CF56E00 /* DefaultSignalsViewController.m in Sources */ = {isa = PBXBuildFile; fileRef = 6234830517C28E235471F75B /* DefaultSignalsViewController.m */; };
		623483CB5F4ED59BB8CCF196 /* AllSignalsViewController.m in Sources */ = {isa = PBXBuildFile; fileRef = 623488DDC6180586F7B07837 /* AllSignalsViewController.m */; };
		623483D7CC665A24722B690B /* UnsubscribePacket.m in Sources */ = {isa = PBXBuildFile; fileRef = 6234834867D9014479C08414 /* UnsubscribePacket.m */; };
		6234847B7B90628E51EE7513 /* VehicleManager.m in Sources */ = {isa = PBXBuildFile; fileRef = 623484143479B1A740B702F1 /* VehicleManager.m */; };
		623484DED45BE6D15E9DBBE7 /* EventPacket.m in Sources */ = {isa = PBXBuildFile; fileRef = 623488743E7C1E6747242DEE /* EventPacket.m */; };
		6234868834BC2F1FA7D8D3F2 /* SignalsPacket.m in Sources */ = {isa = PBXBuildFile; fileRef = 623483F7DDBBE91DD6380AED /* SignalsPacket.m */; };
		623487A31634350C32E0DE06 /* Makefile in Sources */ = {isa = PBXBuildFile; fileRef = 62348E2B69D7214D19301BCE /* Makefile */; };
		623487C874689FB9317C1978 /* ConfigurationViewController.m in Sources */ = {isa = PBXBuildFile; fileRef = 623487909240E3AD3C9062E2 /* ConfigurationViewController.m */; };
		6234885BC52950FF883ADE77 /* SRWebSocket.m in Sources */ = {isa = PBXBuildFile; fileRef = 6234839A127A1C0BBBEF6A2B /* SRWebSocket.m */; };
		62348936D9F75EC51920CB7B /* MapDisplayViewController.m in Sources */ = {isa = PBXBuildFile; fileRef = 6234854B9DB1B1949285FDCC /* MapDisplayViewController.m */; };
		62348A359AD6AA77CBCB6B29 /* Vehicle.m in Sources */ = {isa = PBXBuildFile; fileRef = 6234874162D6ADD0C15AF271 /* Vehicle.m */; };
		62348D7F8333FB80D8F7F2A2 /* ServerPacket.m in Sources */ = {isa = PBXBuildFile; fileRef = 62348E62137D90DA95975B0F /* ServerPacket.m */; };
		62348DBE2F73C4E26CD7FE87 /* SubscribePacket.m in Sources */ = {isa = PBXBuildFile; fileRef = 62348743C22922C6AE7D84D0 /* SubscribePacket.m */; };
		62348F8B889F5C4B477A37B3 /* BackendServerManager.m in Sources */ = {isa = PBXBuildFile; fileRef = 62348A28D36AD5D2095F9FAC /* BackendServerManager.m */; };
/* End PBXBuildFile section */

/* Begin PBXContainerItemProxy section */
		2335C7D21C7D0D2400BE6E80 /* PBXContainerItemProxy */ = {
			isa = PBXContainerItemProxy;
			containerPortal = 2335C7AA1C7D0D2400BE6E80 /* Project object */;
			proxyType = 1;
			remoteGlobalIDString = 2335C7B11C7D0D2400BE6E80;
			remoteInfo = BigDataDemo;
		};
		2335C7DD1C7D0D2400BE6E80 /* PBXContainerItemProxy */ = {
			isa = PBXContainerItemProxy;
			containerPortal = 2335C7AA1C7D0D2400BE6E80 /* Project object */;
			proxyType = 1;
			remoteGlobalIDString = 2335C7B11C7D0D2400BE6E80;
			remoteInfo = BigDataDemo;
		};
/* End PBXContainerItemProxy section */

/* Begin PBXFileReference section */
		23198E651C8615D300A0CB4A /* Security.framework */ = {isa = PBXFileReference; lastKnownFileType = wrapper.framework; name = Security.framework; path = System/Library/Frameworks/Security.framework; sourceTree = SDKROOT; };
		23198E671C8615DC00A0CB4A /* Foundation.framework */ = {isa = PBXFileReference; lastKnownFileType = wrapper.framework; name = Foundation.framework; path = System/Library/Frameworks/Foundation.framework; sourceTree = SDKROOT; };
		23198E691C8615E800A0CB4A /* libicucore.A.tbd */ = {isa = PBXFileReference; lastKnownFileType = "sourcecode.text-based-dylib-definition"; name = libicucore.A.tbd; path = usr/lib/libicucore.A.tbd; sourceTree = SDKROOT; };
		23198E6B1C8615EF00A0CB4A /* CFNetwork.framework */ = {isa = PBXFileReference; lastKnownFileType = wrapper.framework; name = CFNetwork.framework; path = System/Library/Frameworks/CFNetwork.framework; sourceTree = SDKROOT; };
		2335C7B21C7D0D2400BE6E80 /* BigDataDemo.app */ = {isa = PBXFileReference; explicitFileType = wrapper.application; includeInIndex = 0; path = BigDataDemo.app; sourceTree = BUILT_PRODUCTS_DIR; };
		2335C7B61C7D0D2400BE6E80 /* main.m */ = {isa = PBXFileReference; lastKnownFileType = sourcecode.c.objc; path = main.m; sourceTree = "<group>"; };
		2335C7B81C7D0D2400BE6E80 /* AppDelegate.h */ = {isa = PBXFileReference; lastKnownFileType = sourcecode.c.h; path = AppDelegate.h; sourceTree = "<group>"; };
		2335C7B91C7D0D2400BE6E80 /* AppDelegate.m */ = {isa = PBXFileReference; lastKnownFileType = sourcecode.c.objc; path = AppDelegate.m; sourceTree = "<group>"; };
		2335C7BB1C7D0D2400BE6E80 /* RootViewController.h */ = {isa = PBXFileReference; lastKnownFileType = sourcecode.c.h; path = RootViewController.h; sourceTree = "<group>"; };
		2335C7BC1C7D0D2400BE6E80 /* RootViewController.m */ = {isa = PBXFileReference; lastKnownFileType = sourcecode.c.objc; path = RootViewController.m; sourceTree = "<group>"; };
		2335C7BE1C7D0D2400BE6E80 /* DataViewController.h */ = {isa = PBXFileReference; lastKnownFileType = sourcecode.c.h; path = DataViewController.h; sourceTree = "<group>"; };
		2335C7BF1C7D0D2400BE6E80 /* DataViewController.m */ = {isa = PBXFileReference; lastKnownFileType = sourcecode.c.objc; path = DataViewController.m; sourceTree = "<group>"; };
		2335C7C11C7D0D2400BE6E80 /* ModelController.h */ = {isa = PBXFileReference; lastKnownFileType = sourcecode.c.h; path = ModelController.h; sourceTree = "<group>"; };
		2335C7C21C7D0D2400BE6E80 /* ModelController.m */ = {isa = PBXFileReference; lastKnownFileType = sourcecode.c.objc; path = ModelController.m; sourceTree = "<group>"; };
		2335C7C51C7D0D2400BE6E80 /* Base */ = {isa = PBXFileReference; lastKnownFileType = file.storyboard; name = Base; path = Base.lproj/Main.storyboard; sourceTree = "<group>"; };
		2335C7C71C7D0D2400BE6E80 /* Assets.xcassets */ = {isa = PBXFileReference; lastKnownFileType = folder.assetcatalog; path = Assets.xcassets; sourceTree = "<group>"; };
		2335C7CA1C7D0D2400BE6E80 /* Base */ = {isa = PBXFileReference; lastKnownFileType = file.storyboard; name = Base; path = Base.lproj/LaunchScreen.storyboard; sourceTree = "<group>"; };
		2335C7CC1C7D0D2400BE6E80 /* Info.plist */ = {isa = PBXFileReference; lastKnownFileType = text.plist.xml; path = Info.plist; sourceTree = "<group>"; };
		2335C7D11C7D0D2400BE6E80 /* BigDataDemoTests.xctest */ = {isa = PBXFileReference; explicitFileType = wrapper.cfbundle; includeInIndex = 0; path = BigDataDemoTests.xctest; sourceTree = BUILT_PRODUCTS_DIR; };
		2335C7D51C7D0D2400BE6E80 /* BigDataDemoTests.m */ = {isa = PBXFileReference; lastKnownFileType = sourcecode.c.objc; path = BigDataDemoTests.m; sourceTree = "<group>"; };
		2335C7D71C7D0D2400BE6E80 /* Info.plist */ = {isa = PBXFileReference; lastKnownFileType = text.plist.xml; path = Info.plist; sourceTree = "<group>"; };
		2335C7DC1C7D0D2400BE6E80 /* BigDataDemoUITests.xctest */ = {isa = PBXFileReference; explicitFileType = wrapper.cfbundle; includeInIndex = 0; path = BigDataDemoUITests.xctest; sourceTree = BUILT_PRODUCTS_DIR; };
		2335C7E01C7D0D2400BE6E80 /* BigDataDemoUITests.m */ = {isa = PBXFileReference; lastKnownFileType = sourcecode.c.objc; path = BigDataDemoUITests.m; sourceTree = "<group>"; };
		2335C7E21C7D0D2400BE6E80 /* Info.plist */ = {isa = PBXFileReference; lastKnownFileType = text.plist.xml; path = Info.plist; sourceTree = "<group>"; };
		2335C7EE1C7D29A300BE6E80 /* MapKit.framework */ = {isa = PBXFileReference; lastKnownFileType = wrapper.framework; name = MapKit.framework; path = System/Library/Frameworks/MapKit.framework; sourceTree = SDKROOT; };
		623481839B33B6AA422CCF7C /* EventPacket.h */ = {isa = PBXFileReference; fileEncoding = 4; lastKnownFileType = sourcecode.c.h; path = EventPacket.h; sourceTree = "<group>"; };
		6234826BB73C8D032B357CD9 /* ConfigurationDataManager.m */ = {isa = PBXFileReference; fileEncoding = 4; lastKnownFileType = sourcecode.c.objc; path = ConfigurationDataManager.m; sourceTree = "<group>"; };
		623482ED61640C3C66B12694 /* SignalsPacket.h */ = {isa = PBXFileReference; fileEncoding = 4; lastKnownFileType = sourcecode.c.h; path = SignalsPacket.h; sourceTree = "<group>"; };
		6234830517C28E235471F75B /* DefaultSignalsViewController.m */ = {isa = PBXFileReference; fileEncoding = 4; lastKnownFileType = sourcecode.c.objc; path = DefaultSignalsViewController.m; sourceTree = "<group>"; };
		62348337AF8B5B9D3CFEC044 /* Util.h */ = {isa = PBXFileReference; fileEncoding = 4; lastKnownFileType = sourcecode.c.h; path = Util.h; sourceTree = "<group>"; };
		6234834745B017F23DF18402 /* SocketRocket-Prefix.pch */ = {isa = PBXFileReference; fileEncoding = 4; lastKnownFileType = sourcecode.c.h; path = "SocketRocket-Prefix.pch"; sourceTree = "<group>"; };
		6234834867D9014479C08414 /* UnsubscribePacket.m */ = {isa = PBXFileReference; fileEncoding = 4; lastKnownFileType = sourcecode.c.objc; path = UnsubscribePacket.m; sourceTree = "<group>"; };
		62348367695CE99B258175E9 /* ConfigurationViewController.h */ = {isa = PBXFileReference; fileEncoding = 4; lastKnownFileType = sourcecode.c.h; path = ConfigurationViewController.h; sourceTree = "<group>"; };
		6234839A127A1C0BBBEF6A2B /* SRWebSocket.m */ = {isa = PBXFileReference; fileEncoding = 4; lastKnownFileType = sourcecode.c.objc; path = SRWebSocket.m; sourceTree = "<group>"; };
		623483F7DDBBE91DD6380AED /* SignalsPacket.m */ = {isa = PBXFileReference; fileEncoding = 4; lastKnownFileType = sourcecode.c.objc; path = SignalsPacket.m; sourceTree = "<group>"; };
		623483F9F78C24A5144968D3 /* SRWebSocket.h */ = {isa = PBXFileReference; fileEncoding = 4; lastKnownFileType = sourcecode.c.h; path = SRWebSocket.h; sourceTree = "<group>"; };
		623484143479B1A740B702F1 /* VehicleManager.m */ = {isa = PBXFileReference; fileEncoding = 4; lastKnownFileType = sourcecode.c.objc; path = VehicleManager.m; sourceTree = "<group>"; };
		623484C40B36882F3B97A460 /* UnsubscribePacket.h */ = {isa = PBXFileReference; fileEncoding = 4; lastKnownFileType = sourcecode.c.h; path = UnsubscribePacket.h; sourceTree = "<group>"; };
		6234854B9DB1B1949285FDCC /* MapDisplayViewController.m */ = {isa = PBXFileReference; fileEncoding = 4; lastKnownFileType = sourcecode.c.objc; path = MapDisplayViewController.m; sourceTree = "<group>"; };
		623485DB8F12112BEC708F0E /* VehicleManager.h */ = {isa = PBXFileReference; fileEncoding = 4; lastKnownFileType = sourcecode.c.h; path = VehicleManager.h; sourceTree = "<group>"; };
		623486DF9913BFCAB4EB38B3 /* AllSignalsViewController.h */ = {isa = PBXFileReference; fileEncoding = 4; lastKnownFileType = sourcecode.c.h; path = AllSignalsViewController.h; sourceTree = "<group>"; };
		6234874162D6ADD0C15AF271 /* Vehicle.m */ = {isa = PBXFileReference; fileEncoding = 4; lastKnownFileType = sourcecode.c.objc; path = Vehicle.m; sourceTree = "<group>"; };
		62348743C22922C6AE7D84D0 /* SubscribePacket.m */ = {isa = PBXFileReference; fileEncoding = 4; lastKnownFileType = sourcecode.c.objc; path = SubscribePacket.m; sourceTree = "<group>"; };
		623487909240E3AD3C9062E2 /* ConfigurationViewController.m */ = {isa = PBXFileReference; fileEncoding = 4; lastKnownFileType = sourcecode.c.objc; path = ConfigurationViewController.m; sourceTree = "<group>"; };
		623488743E7C1E6747242DEE /* EventPacket.m */ = {isa = PBXFileReference; fileEncoding = 4; lastKnownFileType = sourcecode.c.objc; path = EventPacket.m; sourceTree = "<group>"; };
		623488DDC6180586F7B07837 /* AllSignalsViewController.m */ = {isa = PBXFileReference; fileEncoding = 4; lastKnownFileType = sourcecode.c.objc; path = AllSignalsViewController.m; sourceTree = "<group>"; };
		6234895333D54BB6BA8FF163 /* PacketParser.h */ = {isa = PBXFileReference; fileEncoding = 4; lastKnownFileType = sourcecode.c.h; path = PacketParser.h; sourceTree = "<group>"; };
		62348A0F511A21B920BE73F4 /* Vehicle.h */ = {isa = PBXFileReference; fileEncoding = 4; lastKnownFileType = sourcecode.c.h; path = Vehicle.h; sourceTree = "<group>"; };
		62348A28D36AD5D2095F9FAC /* BackendServerManager.m */ = {isa = PBXFileReference; fileEncoding = 4; lastKnownFileType = sourcecode.c.objc; path = BackendServerManager.m; sourceTree = "<group>"; };
		62348A3F87D1877491D507CD /* MapDisplayViewController.h */ = {isa = PBXFileReference; fileEncoding = 4; lastKnownFileType = sourcecode.c.h; path = MapDisplayViewController.h; sourceTree = "<group>"; };
		62348BD53756C1428CB0421C /* DefaultSignalsViewController.h */ = {isa = PBXFileReference; fileEncoding = 4; lastKnownFileType = sourcecode.c.h; path = DefaultSignalsViewController.h; sourceTree = "<group>"; };
		62348C02BD08EBB3581175B7 /* SocketRocket.h */ = {isa = PBXFileReference; fileEncoding = 4; lastKnownFileType = sourcecode.c.h; path = SocketRocket.h; sourceTree = "<group>"; };
		62348D59C5B45893B50992EA /* SubscribePacket.h */ = {isa = PBXFileReference; fileEncoding = 4; lastKnownFileType = sourcecode.c.h; path = SubscribePacket.h; sourceTree = "<group>"; };
		62348E0296B33F1DFAE1413D /* ConfigurationDataManagerTest.m */ = {isa = PBXFileReference; fileEncoding = 4; lastKnownFileType = sourcecode.c.objc; path = ConfigurationDataManagerTest.m; sourceTree = "<group>"; };
		62348E284E733680422B9F11 /* PacketParser.m */ = {isa = PBXFileReference; fileEncoding = 4; lastKnownFileType = sourcecode.c.objc; path = PacketParser.m; sourceTree = "<group>"; };
		62348E28DD8CF198088A8DA3 /* ServerPacket.h */ = {isa = PBXFileReference; fileEncoding = 4; lastKnownFileType = sourcecode.c.h; path = ServerPacket.h; sourceTree = "<group>"; };
		62348E2B69D7214D19301BCE /* Makefile */ = {isa = PBXFileReference; fileEncoding = 4; lastKnownFileType = sourcecode.make; path = Makefile; sourceTree = "<group>"; };
		62348E5292349802270DD60D /* ConfigurationDataManager.h */ = {isa = PBXFileReference; fileEncoding = 4; lastKnownFileType = sourcecode.c.h; path = ConfigurationDataManager.h; sourceTree = "<group>"; };
		62348E62137D90DA95975B0F /* ServerPacket.m */ = {isa = PBXFileReference; fileEncoding = 4; lastKnownFileType = sourcecode.c.objc; path = ServerPacket.m; sourceTree = "<group>"; };
		62348F3880F80A91A664D073 /* BackendServerManager.h */ = {isa = PBXFileReference; fileEncoding = 4; lastKnownFileType = sourcecode.c.h; path = BackendServerManager.h; sourceTree = "<group>"; };
/* End PBXFileReference section */

/* Begin PBXFrameworksBuildPhase section */
		2335C7AF1C7D0D2400BE6E80 /* Frameworks */ = {
			isa = PBXFrameworksBuildPhase;
			buildActionMask = 2147483647;
			files = (
				23198E6C1C8615EF00A0CB4A /* CFNetwork.framework in Frameworks */,
				23198E6A1C8615E800A0CB4A /* libicucore.A.tbd in Frameworks */,
				23198E681C8615DC00A0CB4A /* Foundation.framework in Frameworks */,
				23198E661C8615D300A0CB4A /* Security.framework in Frameworks */,
				2335C7EF1C7D29A300BE6E80 /* MapKit.framework in Frameworks */,
			);
			runOnlyForDeploymentPostprocessing = 0;
		};
		2335C7CE1C7D0D2400BE6E80 /* Frameworks */ = {
			isa = PBXFrameworksBuildPhase;
			buildActionMask = 2147483647;
			files = (
			);
			runOnlyForDeploymentPostprocessing = 0;
		};
		2335C7D91C7D0D2400BE6E80 /* Frameworks */ = {
			isa = PBXFrameworksBuildPhase;
			buildActionMask = 2147483647;
			files = (
			);
			runOnlyForDeploymentPostprocessing = 0;
		};
/* End PBXFrameworksBuildPhase section */

/* Begin PBXGroup section */
		23198E6E1C8644C100A0CB4A /* ViewControllers */ = {
			isa = PBXGroup;
			children = (
				623487909240E3AD3C9062E2 /* ConfigurationViewController.m */,
				62348367695CE99B258175E9 /* ConfigurationViewController.h */,
				6234854B9DB1B1949285FDCC /* MapDisplayViewController.m */,
				62348A3F87D1877491D507CD /* MapDisplayViewController.h */,
				6234830517C28E235471F75B /* DefaultSignalsViewController.m */,
				62348BD53756C1428CB0421C /* DefaultSignalsViewController.h */,
				623488DDC6180586F7B07837 /* AllSignalsViewController.m */,
				623486DF9913BFCAB4EB38B3 /* AllSignalsViewController.h */,
				2335C7BB1C7D0D2400BE6E80 /* RootViewController.h */,
				2335C7BC1C7D0D2400BE6E80 /* RootViewController.m */,
				2335C7BE1C7D0D2400BE6E80 /* DataViewController.h */,
				2335C7BF1C7D0D2400BE6E80 /* DataViewController.m */,
				2335C7C11C7D0D2400BE6E80 /* ModelController.h */,
				2335C7C21C7D0D2400BE6E80 /* ModelController.m */,
			);
			name = ViewControllers;
			sourceTree = "<group>";
		};
		23198E6F1C8644E200A0CB4A /* Singletons */ = {
			isa = PBXGroup;
			children = (
				623484143479B1A740B702F1 /* VehicleManager.m */,
				623485DB8F12112BEC708F0E /* VehicleManager.h */,
				6234826BB73C8D032B357CD9 /* ConfigurationDataManager.m */,
				62348E5292349802270DD60D /* ConfigurationDataManager.h */,
				62348A28D36AD5D2095F9FAC /* BackendServerManager.m */,
				62348F3880F80A91A664D073 /* BackendServerManager.h */,
			);
			name = Singletons;
			sourceTree = "<group>";
		};
		23198E701C86450800A0CB4A /* Packets */ = {
			isa = PBXGroup;
			children = (
				62348E284E733680422B9F11 /* PacketParser.m */,
				6234895333D54BB6BA8FF163 /* PacketParser.h */,
				62348E62137D90DA95975B0F /* ServerPacket.m */,
				62348E28DD8CF198088A8DA3 /* ServerPacket.h */,
				62348743C22922C6AE7D84D0 /* SubscribePacket.m */,
				62348D59C5B45893B50992EA /* SubscribePacket.h */,
				6234834867D9014479C08414 /* UnsubscribePacket.m */,
				623484C40B36882F3B97A460 /* UnsubscribePacket.h */,
				623488743E7C1E6747242DEE /* EventPacket.m */,
				623481839B33B6AA422CCF7C /* EventPacket.h */,
				623483F7DDBBE91DD6380AED /* SignalsPacket.m */,
				623482ED61640C3C66B12694 /* SignalsPacket.h */,
			);
			name = Packets;
			sourceTree = "<group>";
		};
		23198E711C86451000A0CB4A /* VehicleData */ = {
			isa = PBXGroup;
			children = (
				6234874162D6ADD0C15AF271 /* Vehicle.m */,
				62348A0F511A21B920BE73F4 /* Vehicle.h */,
			);
			name = VehicleData;
			sourceTree = "<group>";
		};
		2335C7A91C7D0D2400BE6E80 = {
			isa = PBXGroup;
			children = (
				23198E6B1C8615EF00A0CB4A /* CFNetwork.framework */,
				23198E691C8615E800A0CB4A /* libicucore.A.tbd */,
				23198E671C8615DC00A0CB4A /* Foundation.framework */,
				23198E651C8615D300A0CB4A /* Security.framework */,
				2335C7EE1C7D29A300BE6E80 /* MapKit.framework */,
				2335C7B41C7D0D2400BE6E80 /* BigDataDemo */,
				2335C7D41C7D0D2400BE6E80 /* BigDataDemoTests */,
				2335C7DF1C7D0D2400BE6E80 /* BigDataDemoUITests */,
				2335C7B31C7D0D2400BE6E80 /* Products */,
			);
			sourceTree = "<group>";
		};
		2335C7B31C7D0D2400BE6E80 /* Products */ = {
			isa = PBXGroup;
			children = (
				2335C7B21C7D0D2400BE6E80 /* BigDataDemo.app */,
				2335C7D11C7D0D2400BE6E80 /* BigDataDemoTests.xctest */,
				2335C7DC1C7D0D2400BE6E80 /* BigDataDemoUITests.xctest */,
			);
			name = Products;
			sourceTree = "<group>";
		};
		2335C7B41C7D0D2400BE6E80 /* BigDataDemo */ = {
			isa = PBXGroup;
			children = (
				23198E711C86451000A0CB4A /* VehicleData */,
				23198E701C86450800A0CB4A /* Packets */,
				23198E6F1C8644E200A0CB4A /* Singletons */,
				23198E6E1C8644C100A0CB4A /* ViewControllers */,
				2335C7B81C7D0D2400BE6E80 /* AppDelegate.h */,
				2335C7B91C7D0D2400BE6E80 /* AppDelegate.m */,
				2335C7C41C7D0D2400BE6E80 /* Main.storyboard */,
				2335C7C71C7D0D2400BE6E80 /* Assets.xcassets */,
				2335C7C91C7D0D2400BE6E80 /* LaunchScreen.storyboard */,
				2335C7CC1C7D0D2400BE6E80 /* Info.plist */,
				2335C7B51C7D0D2400BE6E80 /* Supporting Files */,
				62348337AF8B5B9D3CFEC044 /* Util.h */,
				623489B313480A440E1716AD /* SocketRocket */,
			);
			path = BigDataDemo;
			sourceTree = "<group>";
		};
		2335C7B51C7D0D2400BE6E80 /* Supporting Files */ = {
			isa = PBXGroup;
			children = (
				2335C7B61C7D0D2400BE6E80 /* main.m */,
			);
			name = "Supporting Files";
			sourceTree = "<group>";
		};
		2335C7D41C7D0D2400BE6E80 /* BigDataDemoTests */ = {
			isa = PBXGroup;
			children = (
				2335C7D51C7D0D2400BE6E80 /* BigDataDemoTests.m */,
				2335C7D71C7D0D2400BE6E80 /* Info.plist */,
				62348E0296B33F1DFAE1413D /* ConfigurationDataManagerTest.m */,
			);
			path = BigDataDemoTests;
			sourceTree = "<group>";
		};
		2335C7DF1C7D0D2400BE6E80 /* BigDataDemoUITests */ = {
			isa = PBXGroup;
			children = (
				2335C7E01C7D0D2400BE6E80 /* BigDataDemoUITests.m */,
				2335C7E21C7D0D2400BE6E80 /* Info.plist */,
			);
			path = BigDataDemoUITests;
			sourceTree = "<group>";
		};
		623489B313480A440E1716AD /* SocketRocket */ = {
			isa = PBXGroup;
			children = (
				62348E2B69D7214D19301BCE /* Makefile */,
				623483F9F78C24A5144968D3 /* SRWebSocket.h */,
				6234839A127A1C0BBBEF6A2B /* SRWebSocket.m */,
				62348C02BD08EBB3581175B7 /* SocketRocket.h */,
				6234834745B017F23DF18402 /* SocketRocket-Prefix.pch */,
			);
			path = SocketRocket;
			sourceTree = SOURCE_ROOT;
		};
/* End PBXGroup section */

/* Begin PBXNativeTarget section */
		2335C7B11C7D0D2400BE6E80 /* BigDataDemo */ = {
			isa = PBXNativeTarget;
			buildConfigurationList = 2335C7E51C7D0D2400BE6E80 /* Build configuration list for PBXNativeTarget "BigDataDemo" */;
			buildPhases = (
				2335C7AE1C7D0D2400BE6E80 /* Sources */,
				2335C7AF1C7D0D2400BE6E80 /* Frameworks */,
				2335C7B01C7D0D2400BE6E80 /* Resources */,
			);
			buildRules = (
			);
			dependencies = (
			);
			name = BigDataDemo;
			productName = BigDataDemo;
			productReference = 2335C7B21C7D0D2400BE6E80 /* BigDataDemo.app */;
			productType = "com.apple.product-type.application";
		};
		2335C7D01C7D0D2400BE6E80 /* BigDataDemoTests */ = {
			isa = PBXNativeTarget;
			buildConfigurationList = 2335C7E81C7D0D2400BE6E80 /* Build configuration list for PBXNativeTarget "BigDataDemoTests" */;
			buildPhases = (
				2335C7CD1C7D0D2400BE6E80 /* Sources */,
				2335C7CE1C7D0D2400BE6E80 /* Frameworks */,
				2335C7CF1C7D0D2400BE6E80 /* Resources */,
			);
			buildRules = (
			);
			dependencies = (
				2335C7D31C7D0D2400BE6E80 /* PBXTargetDependency */,
			);
			name = BigDataDemoTests;
			productName = BigDataDemoTests;
			productReference = 2335C7D11C7D0D2400BE6E80 /* BigDataDemoTests.xctest */;
			productType = "com.apple.product-type.bundle.unit-test";
		};
		2335C7DB1C7D0D2400BE6E80 /* BigDataDemoUITests */ = {
			isa = PBXNativeTarget;
			buildConfigurationList = 2335C7EB1C7D0D2400BE6E80 /* Build configuration list for PBXNativeTarget "BigDataDemoUITests" */;
			buildPhases = (
				2335C7D81C7D0D2400BE6E80 /* Sources */,
				2335C7D91C7D0D2400BE6E80 /* Frameworks */,
				2335C7DA1C7D0D2400BE6E80 /* Resources */,
			);
			buildRules = (
			);
			dependencies = (
				2335C7DE1C7D0D2400BE6E80 /* PBXTargetDependency */,
			);
			name = BigDataDemoUITests;
			productName = BigDataDemoUITests;
			productReference = 2335C7DC1C7D0D2400BE6E80 /* BigDataDemoUITests.xctest */;
			productType = "com.apple.product-type.bundle.ui-testing";
		};
/* End PBXNativeTarget section */

/* Begin PBXProject section */
		2335C7AA1C7D0D2400BE6E80 /* Project object */ = {
			isa = PBXProject;
			attributes = {
				LastUpgradeCheck = 0720;
				ORGANIZATIONNAME = "Jaguar Land Rover";
				TargetAttributes = {
					2335C7B11C7D0D2400BE6E80 = {
						CreatedOnToolsVersion = 7.2.1;
					};
					2335C7D01C7D0D2400BE6E80 = {
						CreatedOnToolsVersion = 7.2.1;
						TestTargetID = 2335C7B11C7D0D2400BE6E80;
					};
					2335C7DB1C7D0D2400BE6E80 = {
						CreatedOnToolsVersion = 7.2.1;
						TestTargetID = 2335C7B11C7D0D2400BE6E80;
					};
				};
			};
			buildConfigurationList = 2335C7AD1C7D0D2400BE6E80 /* Build configuration list for PBXProject "BigDataDemo" */;
			compatibilityVersion = "Xcode 3.2";
			developmentRegion = English;
			hasScannedForEncodings = 0;
			knownRegions = (
				en,
				Base,
			);
			mainGroup = 2335C7A91C7D0D2400BE6E80;
			productRefGroup = 2335C7B31C7D0D2400BE6E80 /* Products */;
			projectDirPath = "";
			projectRoot = "";
			targets = (
				2335C7B11C7D0D2400BE6E80 /* BigDataDemo */,
				2335C7D01C7D0D2400BE6E80 /* BigDataDemoTests */,
				2335C7DB1C7D0D2400BE6E80 /* BigDataDemoUITests */,
			);
		};
/* End PBXProject section */

/* Begin PBXResourcesBuildPhase section */
		2335C7B01C7D0D2400BE6E80 /* Resources */ = {
			isa = PBXResourcesBuildPhase;
			buildActionMask = 2147483647;
			files = (
				2335C7CB1C7D0D2400BE6E80 /* LaunchScreen.storyboard in Resources */,
				2335C7C81C7D0D2400BE6E80 /* Assets.xcassets in Resources */,
				2335C7C61C7D0D2400BE6E80 /* Main.storyboard in Resources */,
			);
			runOnlyForDeploymentPostprocessing = 0;
		};
		2335C7CF1C7D0D2400BE6E80 /* Resources */ = {
			isa = PBXResourcesBuildPhase;
			buildActionMask = 2147483647;
			files = (
			);
			runOnlyForDeploymentPostprocessing = 0;
		};
		2335C7DA1C7D0D2400BE6E80 /* Resources */ = {
			isa = PBXResourcesBuildPhase;
			buildActionMask = 2147483647;
			files = (
			);
			runOnlyForDeploymentPostprocessing = 0;
		};
/* End PBXResourcesBuildPhase section */

/* Begin PBXSourcesBuildPhase section */
		2335C7AE1C7D0D2400BE6E80 /* Sources */ = {
			isa = PBXSourcesBuildPhase;
			buildActionMask = 2147483647;
			files = (
				2335C7C01C7D0D2400BE6E80 /* DataViewController.m in Sources */,
				2335C7BA1C7D0D2400BE6E80 /* AppDelegate.m in Sources */,
				2335C7C31C7D0D2400BE6E80 /* ModelController.m in Sources */,
				2335C7B71C7D0D2400BE6E80 /* main.m in Sources */,
				2335C7BD1C7D0D2400BE6E80 /* RootViewController.m in Sources */,
				623487C874689FB9317C1978 /* ConfigurationViewController.m in Sources */,
				62348936D9F75EC51920CB7B /* MapDisplayViewController.m in Sources */,
				62348386539623FE0CF56E00 /* DefaultSignalsViewController.m in Sources */,
				623483CB5F4ED59BB8CCF196 /* AllSignalsViewController.m in Sources */,
				623480C9A8CF30C58360C5D3 /* ConfigurationDataManager.m in Sources */,
				62348F8B889F5C4B477A37B3 /* BackendServerManager.m in Sources */,
				62348A359AD6AA77CBCB6B29 /* Vehicle.m in Sources */,
				6234847B7B90628E51EE7513 /* VehicleManager.m in Sources */,
				62348017B0F0B03098D0B0A9 /* PacketParser.m in Sources */,
				62348D7F8333FB80D8F7F2A2 /* ServerPacket.m in Sources */,
				62348DBE2F73C4E26CD7FE87 /* SubscribePacket.m in Sources */,
				623483D7CC665A24722B690B /* UnsubscribePacket.m in Sources */,
				623484DED45BE6D15E9DBBE7 /* EventPacket.m in Sources */,
				6234868834BC2F1FA7D8D3F2 /* SignalsPacket.m in Sources */,
				623487A31634350C32E0DE06 /* Makefile in Sources */,
				6234885BC52950FF883ADE77 /* SRWebSocket.m in Sources */,
			);
			runOnlyForDeploymentPostprocessing = 0;
		};
		2335C7CD1C7D0D2400BE6E80 /* Sources */ = {
			isa = PBXSourcesBuildPhase;
			buildActionMask = 2147483647;
			files = (
				23198E6D1C863F0E00A0CB4A /* ConfigurationDataManagerTest.m in Sources */,
				2335C7D61C7D0D2400BE6E80 /* BigDataDemoTests.m in Sources */,
			);
			runOnlyForDeploymentPostprocessing = 0;
		};
		2335C7D81C7D0D2400BE6E80 /* Sources */ = {
			isa = PBXSourcesBuildPhase;
			buildActionMask = 2147483647;
			files = (
				2335C7E11C7D0D2400BE6E80 /* BigDataDemoUITests.m in Sources */,
			);
			runOnlyForDeploymentPostprocessing = 0;
		};
/* End PBXSourcesBuildPhase section */

/* Begin PBXTargetDependency section */
		2335C7D31C7D0D2400BE6E80 /* PBXTargetDependency */ = {
			isa = PBXTargetDependency;
			target = 2335C7B11C7D0D2400BE6E80 /* BigDataDemo */;
			targetProxy = 2335C7D21C7D0D2400BE6E80 /* PBXContainerItemProxy */;
		};
		2335C7DE1C7D0D2400BE6E80 /* PBXTargetDependency */ = {
			isa = PBXTargetDependency;
			target = 2335C7B11C7D0D2400BE6E80 /* BigDataDemo */;
			targetProxy = 2335C7DD1C7D0D2400BE6E80 /* PBXContainerItemProxy */;
		};
/* End PBXTargetDependency section */

/* Begin PBXVariantGroup section */
		2335C7C41C7D0D2400BE6E80 /* Main.storyboard */ = {
			isa = PBXVariantGroup;
			children = (
				2335C7C51C7D0D2400BE6E80 /* Base */,
			);
			name = Main.storyboard;
			sourceTree = "<group>";
		};
		2335C7C91C7D0D2400BE6E80 /* LaunchScreen.storyboard */ = {
			isa = PBXVariantGroup;
			children = (
				2335C7CA1C7D0D2400BE6E80 /* Base */,
			);
			name = LaunchScreen.storyboard;
			sourceTree = "<group>";
		};
/* End PBXVariantGroup section */

/* Begin XCBuildConfiguration section */
		2335C7E31C7D0D2400BE6E80 /* Debug */ = {
			isa = XCBuildConfiguration;
			buildSettings = {
				ALWAYS_SEARCH_USER_PATHS = NO;
				CLANG_CXX_LANGUAGE_STANDARD = "gnu++0x";
				CLANG_CXX_LIBRARY = "libc++";
				CLANG_ENABLE_MODULES = YES;
				CLANG_ENABLE_OBJC_ARC = YES;
				CLANG_WARN_BOOL_CONVERSION = YES;
				CLANG_WARN_CONSTANT_CONVERSION = YES;
				CLANG_WARN_DIRECT_OBJC_ISA_USAGE = YES_ERROR;
				CLANG_WARN_EMPTY_BODY = YES;
				CLANG_WARN_ENUM_CONVERSION = YES;
				CLANG_WARN_INT_CONVERSION = YES;
				CLANG_WARN_OBJC_ROOT_CLASS = YES_ERROR;
				CLANG_WARN_UNREACHABLE_CODE = YES;
				CLANG_WARN__DUPLICATE_METHOD_MATCH = YES;
				"CODE_SIGN_IDENTITY[sdk=iphoneos*]" = "iPhone Developer";
				COPY_PHASE_STRIP = NO;
				DEBUG_INFORMATION_FORMAT = dwarf;
				ENABLE_STRICT_OBJC_MSGSEND = YES;
				ENABLE_TESTABILITY = YES;
				GCC_C_LANGUAGE_STANDARD = gnu99;
				GCC_DYNAMIC_NO_PIC = NO;
				GCC_NO_COMMON_BLOCKS = YES;
				GCC_OPTIMIZATION_LEVEL = 0;
				GCC_PREPROCESSOR_DEFINITIONS = (
					"DEBUG=1",
					"$(inherited)",
				);
				GCC_WARN_64_TO_32_BIT_CONVERSION = YES;
				GCC_WARN_ABOUT_RETURN_TYPE = YES_ERROR;
				GCC_WARN_UNDECLARED_SELECTOR = YES;
				GCC_WARN_UNINITIALIZED_AUTOS = YES_AGGRESSIVE;
				GCC_WARN_UNUSED_FUNCTION = YES;
				GCC_WARN_UNUSED_VARIABLE = YES;
				IPHONEOS_DEPLOYMENT_TARGET = 9.2;
				MTL_ENABLE_DEBUG_INFO = YES;
				ONLY_ACTIVE_ARCH = YES;
				SDKROOT = iphoneos;
				TARGETED_DEVICE_FAMILY = "1,2";
			};
			name = Debug;
		};
		2335C7E41C7D0D2400BE6E80 /* Release */ = {
			isa = XCBuildConfiguration;
			buildSettings = {
				ALWAYS_SEARCH_USER_PATHS = NO;
				CLANG_CXX_LANGUAGE_STANDARD = "gnu++0x";
				CLANG_CXX_LIBRARY = "libc++";
				CLANG_ENABLE_MODULES = YES;
				CLANG_ENABLE_OBJC_ARC = YES;
				CLANG_WARN_BOOL_CONVERSION = YES;
				CLANG_WARN_CONSTANT_CONVERSION = YES;
				CLANG_WARN_DIRECT_OBJC_ISA_USAGE = YES_ERROR;
				CLANG_WARN_EMPTY_BODY = YES;
				CLANG_WARN_ENUM_CONVERSION = YES;
				CLANG_WARN_INT_CONVERSION = YES;
				CLANG_WARN_OBJC_ROOT_CLASS = YES_ERROR;
				CLANG_WARN_UNREACHABLE_CODE = YES;
				CLANG_WARN__DUPLICATE_METHOD_MATCH = YES;
				"CODE_SIGN_IDENTITY[sdk=iphoneos*]" = "iPhone Developer";
				COPY_PHASE_STRIP = NO;
				DEBUG_INFORMATION_FORMAT = "dwarf-with-dsym";
				ENABLE_NS_ASSERTIONS = NO;
				ENABLE_STRICT_OBJC_MSGSEND = YES;
				GCC_C_LANGUAGE_STANDARD = gnu99;
				GCC_NO_COMMON_BLOCKS = YES;
				GCC_WARN_64_TO_32_BIT_CONVERSION = YES;
				GCC_WARN_ABOUT_RETURN_TYPE = YES_ERROR;
				GCC_WARN_UNDECLARED_SELECTOR = YES;
				GCC_WARN_UNINITIALIZED_AUTOS = YES_AGGRESSIVE;
				GCC_WARN_UNUSED_FUNCTION = YES;
				GCC_WARN_UNUSED_VARIABLE = YES;
				IPHONEOS_DEPLOYMENT_TARGET = 9.2;
				MTL_ENABLE_DEBUG_INFO = NO;
				SDKROOT = iphoneos;
				TARGETED_DEVICE_FAMILY = "1,2";
				VALIDATE_PRODUCT = YES;
			};
			name = Release;
		};
		2335C7E61C7D0D2400BE6E80 /* Debug */ = {
			isa = XCBuildConfiguration;
			buildSettings = {
				ASSETCATALOG_COMPILER_APPICON_NAME = AppIcon;
				INFOPLIST_FILE = BigDataDemo/Info.plist;
				LD_RUNPATH_SEARCH_PATHS = "$(inherited) @executable_path/Frameworks";
				PRODUCT_BUNDLE_IDENTIFIER = com.jaguarlandrover.BigDataDemo;
				PRODUCT_NAME = "$(TARGET_NAME)";
			};
			name = Debug;
		};
		2335C7E71C7D0D2400BE6E80 /* Release */ = {
			isa = XCBuildConfiguration;
			buildSettings = {
				ASSETCATALOG_COMPILER_APPICON_NAME = AppIcon;
				INFOPLIST_FILE = BigDataDemo/Info.plist;
				LD_RUNPATH_SEARCH_PATHS = "$(inherited) @executable_path/Frameworks";
				PRODUCT_BUNDLE_IDENTIFIER = com.jaguarlandrover.BigDataDemo;
				PRODUCT_NAME = "$(TARGET_NAME)";
			};
			name = Release;
		};
		2335C7E91C7D0D2400BE6E80 /* Debug */ = {
			isa = XCBuildConfiguration;
			buildSettings = {
				BUNDLE_LOADER = "$(TEST_HOST)";
				INFOPLIST_FILE = BigDataDemoTests/Info.plist;
				LD_RUNPATH_SEARCH_PATHS = "$(inherited) @executable_path/Frameworks @loader_path/Frameworks";
				PRODUCT_BUNDLE_IDENTIFIER = com.jaguarlandrover.BigDataDemoTests;
				PRODUCT_NAME = "$(TARGET_NAME)";
				TEST_HOST = "$(BUILT_PRODUCTS_DIR)/BigDataDemo.app/BigDataDemo";
			};
			name = Debug;
		};
		2335C7EA1C7D0D2400BE6E80 /* Release */ = {
			isa = XCBuildConfiguration;
			buildSettings = {
				BUNDLE_LOADER = "$(TEST_HOST)";
				INFOPLIST_FILE = BigDataDemoTests/Info.plist;
				LD_RUNPATH_SEARCH_PATHS = "$(inherited) @executable_path/Frameworks @loader_path/Frameworks";
				PRODUCT_BUNDLE_IDENTIFIER = com.jaguarlandrover.BigDataDemoTests;
				PRODUCT_NAME = "$(TARGET_NAME)";
				TEST_HOST = "$(BUILT_PRODUCTS_DIR)/BigDataDemo.app/BigDataDemo";
			};
			name = Release;
		};
		2335C7EC1C7D0D2400BE6E80 /* Debug */ = {
			isa = XCBuildConfiguration;
			buildSettings = {
				INFOPLIST_FILE = BigDataDemoUITests/Info.plist;
				LD_RUNPATH_SEARCH_PATHS = "$(inherited) @executable_path/Frameworks @loader_path/Frameworks";
				PRODUCT_BUNDLE_IDENTIFIER = com.jaguarlandrover.BigDataDemoUITests;
				PRODUCT_NAME = "$(TARGET_NAME)";
				TEST_TARGET_NAME = BigDataDemo;
				USES_XCTRUNNER = YES;
			};
			name = Debug;
		};
		2335C7ED1C7D0D2400BE6E80 /* Release */ = {
			isa = XCBuildConfiguration;
			buildSettings = {
				INFOPLIST_FILE = BigDataDemoUITests/Info.plist;
				LD_RUNPATH_SEARCH_PATHS = "$(inherited) @executable_path/Frameworks @loader_path/Frameworks";
				PRODUCT_BUNDLE_IDENTIFIER = com.jaguarlandrover.BigDataDemoUITests;
				PRODUCT_NAME = "$(TARGET_NAME)";
				TEST_TARGET_NAME = BigDataDemo;
				USES_XCTRUNNER = YES;
			};
			name = Release;
		};
/* End XCBuildConfiguration section */

/* Begin XCConfigurationList section */
		2335C7AD1C7D0D2400BE6E80 /* Build configuration list for PBXProject "BigDataDemo" */ = {
			isa = XCConfigurationList;
			buildConfigurations = (
				2335C7E31C7D0D2400BE6E80 /* Debug */,
				2335C7E41C7D0D2400BE6E80 /* Release */,
			);
			defaultConfigurationIsVisible = 0;
			defaultConfigurationName = Release;
		};
		2335C7E51C7D0D2400BE6E80 /* Build configuration list for PBXNativeTarget "BigDataDemo" */ = {
			isa = XCConfigurationList;
			buildConfigurations = (
				2335C7E61C7D0D2400BE6E80 /* Debug */,
				2335C7E71C7D0D2400BE6E80 /* Release */,
			);
			defaultConfigurationIsVisible = 0;
			defaultConfigurationName = Release;
		};
		2335C7E81C7D0D2400BE6E80 /* Build configuration list for PBXNativeTarget "BigDataDemoTests" */ = {
			isa = XCConfigurationList;
			buildConfigurations = (
				2335C7E91C7D0D2400BE6E80 /* Debug */,
				2335C7EA1C7D0D2400BE6E80 /* Release */,
			);
			defaultConfigurationIsVisible = 0;
			defaultConfigurationName = Release;
		};
		2335C7EB1C7D0D2400BE6E80 /* Build configuration list for PBXNativeTarget "BigDataDemoUITests" */ = {
			isa = XCConfigurationList;
			buildConfigurations = (
				2335C7EC1C7D0D2400BE6E80 /* Debug */,
				2335C7ED1C7D0D2400BE6E80 /* Release */,
			);
			defaultConfigurationIsVisible = 0;
			defaultConfigurationName = Release;
		};
/* End XCConfigurationList section */
	};
	rootObject = 2335C7AA1C7D0D2400BE6E80 /* Project object */;
}
